
Microsoft Visual Studio Solution File, Format Version 12.00
# Visual Studio Version 17
VisualStudioVersion = 17.7.34031.279
MinimumVisualStudioVersion = 10.0.40219.1
Project("{2150E333-8FDC-42A3-9474-1A3956D46DE8}") = "src", "src", "{5F7D1F33-D439-4284-B014-3687E9928FE1}"
EndProject
Project("{FAE04EC0-301F-11D3-BF4B-00C04F79EFBC}") = "Pustok.Core", "..\src\Pustok.Core\Pustok.Core.csproj", "{E6FE9E28-D08C-4DAE-B175-99A4FECF9893}"
EndProject
Project("{FAE04EC0-301F-11D3-BF4B-00C04F79EFBC}") = "Pustok.Data", "..\src\Pustok.Data\Pustok.Data.csproj", "{B8748BB7-FBF8-4A28-8E0E-7E720D8AC0B7}"
EndProject
Project("{FAE04EC0-301F-11D3-BF4B-00C04F79EFBC}") = "Pustok.Business", "..\src\Pustok.Business\Pustok.Business.csproj", "{9D797714-D64B-44BC-AA70-F08DF03B618B}"
EndProject
Project("{FAE04EC0-301F-11D3-BF4B-00C04F79EFBC}") = "Pustok.MVC", "..\src\Pustok.MVC\Pustok.MVC.csproj", "{D31F433E-EB0A-4862-BCD5-D5CE88487A96}"
EndProject
Global
	GlobalSection(SolutionConfigurationPlatforms) = preSolution
		Debug|Any CPU = Debug|Any CPU
		Release|Any CPU = Release|Any CPU
	EndGlobalSection
	GlobalSection(ProjectConfigurationPlatforms) = postSolution
		{E6FE9E28-D08C-4DAE-B175-99A4FECF9893}.Debug|Any CPU.ActiveCfg = Debug|Any CPU
		{E6FE9E28-D08C-4DAE-B175-99A4FECF9893}.Debug|Any CPU.Build.0 = Debug|Any CPU
		{E6FE9E28-D08C-4DAE-B175-99A4FECF9893}.Release|Any CPU.ActiveCfg = Release|Any CPU
		{E6FE9E28-D08C-4DAE-B175-99A4FECF9893}.Release|Any CPU.Build.0 = Release|Any CPU
		{B8748BB7-FBF8-4A28-8E0E-7E720D8AC0B7}.Debug|Any CPU.ActiveCfg = Debug|Any CPU
		{B8748BB7-FBF8-4A28-8E0E-7E720D8AC0B7}.Debug|Any CPU.Build.0 = Debug|Any CPU
		{B8748BB7-FBF8-4A28-8E0E-7E720D8AC0B7}.Release|Any CPU.ActiveCfg = Release|Any CPU
		{B8748BB7-FBF8-4A28-8E0E-7E720D8AC0B7}.Release|Any CPU.Build.0 = Release|Any CPU
		{9D797714-D64B-44BC-AA70-F08DF03B618B}.Debug|Any CPU.ActiveCfg = Debug|Any CPU
		{9D797714-D64B-44BC-AA70-F08DF03B618B}.Debug|Any CPU.Build.0 = Debug|Any CPU
		{9D797714-D64B-44BC-AA70-F08DF03B618B}.Release|Any CPU.ActiveCfg = Release|Any CPU
		{9D797714-D64B-44BC-AA70-F08DF03B618B}.Release|Any CPU.Build.0 = Release|Any CPU
		{D31F433E-EB0A-4862-BCD5-D5CE88487A96}.Debug|Any CPU.ActiveCfg = Debug|Any CPU
		{D31F433E-EB0A-4862-BCD5-D5CE88487A96}.Debug|Any CPU.Build.0 = Debug|Any CPU
		{D31F433E-EB0A-4862-BCD5-D5CE88487A96}.Release|Any CPU.ActiveCfg = Release|Any CPU
		{D31F433E-EB0A-4862-BCD5-D5CE88487A96}.Release|Any CPU.Build.0 = Release|Any CPU
	EndGlobalSection
	GlobalSection(SolutionProperties) = preSolution
		HideSolutionNode = FALSE
	EndGlobalSection
	GlobalSection(NestedProjects) = preSolution
		{E6FE9E28-D08C-4DAE-B175-99A4FECF9893} = {5F7D1F33-D439-4284-B014-3687E9928FE1}
		{B8748BB7-FBF8-4A28-8E0E-7E720D8AC0B7} = {5F7D1F33-D439-4284-B014-3687E9928FE1}
		{9D797714-D64B-44BC-AA70-F08DF03B618B} = {5F7D1F33-D439-4284-B014-3687E9928FE1}
		{D31F433E-EB0A-4862-BCD5-D5CE88487A96} = {5F7D1F33-D439-4284-B014-3687E9928FE1}
	EndGlobalSection
	GlobalSection(ExtensibilityGlobals) = postSolution
		SolutionGuid = {26159EF5-3AAC-461D-923C-6E7A99CE805D}
	EndGlobalSection
EndGlobal
